PODS:
  - Alamofire (5.0.0-rc.2)
  - AlamofireObjectMapper (6.2.0):
    - Alamofire (= 5.0.0-rc.2)
    - ObjectMapper (~> 3.5.1)
  - BCGenieEffect (1.1)
  - BlocksKit/Core (2.2.6)
  - BlocksKit/DynamicDelegate (2.2.6)
  - BlocksKit/MessageUI (2.2.6):
    - BlocksKit/Core
    - BlocksKit/DynamicDelegate
  - BlocksKit/UIKit (2.2.6):
    - BlocksKit/Core
    - BlocksKit/DynamicDelegate
  - CocoaAsyncSocket (7.6.5)
  - libextobjc/EXTKeyPathCoding (0.6):
    - libextobjc/RuntimeExtensions
  - libextobjc/RuntimeExtensions (0.6)
  - MaterialComponents/AnimationTiming (124.2.0)
  - MaterialComponents/Availability (124.2.0)
  - MaterialComponents/private/Color (124.2.0):
    - MaterialComponents/Availability
  - MaterialComponents/private/Math (124.2.0)
  - MaterialComponents/Ripple (124.2.0):
    - MaterialComponents/AnimationTiming
    - MaterialComponents/Availability
    - MaterialComponents/private/Color
    - MaterialComponents/private/Math
  - "MaterialComponents/Tabs+TabBarView (124.2.0)":
    - MaterialComponents/AnimationTiming
    - MaterialComponents/private/Math
    - MaterialComponents/Ripple
    - MDFInternationalization
  - MDFInternationalization (3.0.0)
  - ObjcExceptionBridging (1.0.1):
    - ObjcExceptionBridging/ObjcExceptionBridging (= 1.0.1)
  - ObjcExceptionBridging/ObjcExceptionBridging (1.0.1)
  - ObjectMapper (3.5.3)
  - ReachabilitySwift (5.0.0)
  - TUSafariActivity (1.0.4)
  - XCGLogger (7.0.1):
    - XCGLogger/Core (= 7.0.1)
  - XCGLogger/Core (7.0.1):
    - ObjcExceptionBridging

DEPENDENCIES:
  - Alamofire (= 5.0.0-rc.2)
  - AlamofireObjectMapper
  - BCGenieEffect
  - BlocksKit/MessageUI (from `https://github.com/sglushchenko/BlocksKit`, branch `without_UIWebView`)
  - BlocksKit/UIKit (from `https://github.com/sglushchenko/BlocksKit`, branch `without_UIWebView`)
  - CocoaAsyncSocket
  - libextobjc/EXTKeyPathCoding
  - "MaterialComponents/Tabs+TabBarView"
  - ReachabilitySwift
  - TUSafariActivity
  - XCGLogger

SPEC REPOS:
  trunk:
    - Alamofire
    - AlamofireObjectMapper
    - BCGenieEffect
    - CocoaAsyncSocket
    - libextobjc
    - MaterialComponents
    - MDFInternationalization
    - ObjcExceptionBridging
    - ObjectMapper
    - ReachabilitySwift
    - TUSafariActivity
    - XCGLogger

EXTERNAL SOURCES:
  BlocksKit:
    :branch: without_UIWebView
    :git: https://github.com/sglushchenko/BlocksKit

CHECKOUT OPTIONS:
  BlocksKit:
    :commit: c128238cb623fe0e0b6ccabe768afff6222db15a
    :git: https://github.com/sglushchenko/BlocksKit

SPEC CHECKSUMS:
  Alamofire: f9450d3c7f6bea2ad62e7a541c3e9b186c7991d6
  AlamofireObjectMapper: 74d1440c92c42bbcc2b5f4dc81654ac095ec669f
  BCGenieEffect: 3efb235716f121caa6b26040bfd0ae11e1bae4b4
  BlocksKit: 5fae06c13638d9fdb0bbddca3dabfe8f5aa735c5
  CocoaAsyncSocket: 065fd1e645c7abab64f7a6a2007a48038fdc6a99
  libextobjc: aed8b7d2b07f511c1a7ecaacb33ea03e327c69b7
  MaterialComponents: 1a9b2d9d45b1601ae544de85089adc4c464306d4
  MDFInternationalization: d697c55307816222a55685c4ccb1044ffb030c12
  ObjcExceptionBridging: c30e00eb3700467e695faeea30e26e18bd445001
  ObjectMapper: 97111c97e054a6ee25917662106689f0b4127b37
  ReachabilitySwift: 985039c6f7b23a1da463388634119492ff86c825
  TUSafariActivity: afc55a00965377939107ce4fdc7f951f62454546
  XCGLogger: 1943831ef907df55108b0b18657953f868de973b

PODFILE CHECKSUM: a3850f3f5244f0108f2fe26cd1c506d807ab50dd

COCOAPODS: 1.11.3
